
Microsoft Visual Studio Solution File, Format Version 12.00
# Visual Studio 2012
Project("{FAE04EC0-301F-11D3-BF4B-00C04F79EFBC}") = "ICT13580015FinalA", "ICT13580015FinalA\ICT13580015FinalA.csproj", "{0C5FBFB8-0F2D-4FF7-B393-38DFF7C100C7}"
EndProject
Project("{FAE04EC0-301F-11D3-BF4B-00C04F79EFBC}") = "ICT13580015FinalA.iOS", "iOS\ICT13580015FinalA.iOS.csproj", "{22708F1C-D3AF-4BBC-99F8-39483CD00F83}"
EndProject
Project("{FAE04EC0-301F-11D3-BF4B-00C04F79EFBC}") = "ICT13580015FinalA.Droid", "Droid\ICT13580015FinalA.Droid.csproj", "{98C017C6-8870-4781-A772-D744F6A9E77B}"
EndProject
Global
	GlobalSection(SolutionConfigurationPlatforms) = preSolution
		Debug|Any CPU = Debug|Any CPU
		Release|Any CPU = Release|Any CPU
		Debug|iPhoneSimulator = Debug|iPhoneSimulator
		Release|iPhone = Release|iPhone
		Release|iPhoneSimulator = Release|iPhoneSimulator
		Debug|iPhone = Debug|iPhone
	EndGlobalSection
	GlobalSection(ProjectConfigurationPlatforms) = postSolution
		{0C5FBFB8-0F2D-4FF7-B393-38DFF7C100C7}.Debug|Any CPU.ActiveCfg = Debug|Any CPU
		{0C5FBFB8-0F2D-4FF7-B393-38DFF7C100C7}.Debug|Any CPU.Build.0 = Debug|Any CPU
		{0C5FBFB8-0F2D-4FF7-B393-38DFF7C100C7}.Release|Any CPU.ActiveCfg = Release|Any CPU
		{0C5FBFB8-0F2D-4FF7-B393-38DFF7C100C7}.Release|Any CPU.Build.0 = Release|Any CPU
		{0C5FBFB8-0F2D-4FF7-B393-38DFF7C100C7}.Debug|iPhoneSimulator.ActiveCfg = Debug|Any CPU
		{0C5FBFB8-0F2D-4FF7-B393-38DFF7C100C7}.Debug|iPhoneSimulator.Build.0 = Debug|Any CPU
		{0C5FBFB8-0F2D-4FF7-B393-38DFF7C100C7}.Release|iPhone.ActiveCfg = Release|Any CPU
		{0C5FBFB8-0F2D-4FF7-B393-38DFF7C100C7}.Release|iPhone.Build.0 = Release|Any CPU
		{0C5FBFB8-0F2D-4FF7-B393-38DFF7C100C7}.Release|iPhoneSimulator.ActiveCfg = Release|Any CPU
		{0C5FBFB8-0F2D-4FF7-B393-38DFF7C100C7}.Release|iPhoneSimulator.Build.0 = Release|Any CPU
		{0C5FBFB8-0F2D-4FF7-B393-38DFF7C100C7}.Debug|iPhone.ActiveCfg = Debug|Any CPU
		{0C5FBFB8-0F2D-4FF7-B393-38DFF7C100C7}.Debug|iPhone.Build.0 = Debug|Any CPU
		{22708F1C-D3AF-4BBC-99F8-39483CD00F83}.Debug|Any CPU.ActiveCfg = Debug|iPhoneSimulator
		{22708F1C-D3AF-4BBC-99F8-39483CD00F83}.Debug|Any CPU.Build.0 = Debug|iPhoneSimulator
		{22708F1C-D3AF-4BBC-99F8-39483CD00F83}.Release|Any CPU.ActiveCfg = Release|iPhone
		{22708F1C-D3AF-4BBC-99F8-39483CD00F83}.Release|Any CPU.Build.0 = Release|iPhone
		{22708F1C-D3AF-4BBC-99F8-39483CD00F83}.Debug|iPhoneSimulator.ActiveCfg = Debug|iPhoneSimulator
		{22708F1C-D3AF-4BBC-99F8-39483CD00F83}.Debug|iPhoneSimulator.Build.0 = Debug|iPhoneSimulator
		{22708F1C-D3AF-4BBC-99F8-39483CD00F83}.Release|iPhone.ActiveCfg = Release|iPhone
		{22708F1C-D3AF-4BBC-99F8-39483CD00F83}.Release|iPhone.Build.0 = Release|iPhone
		{22708F1C-D3AF-4BBC-99F8-39483CD00F83}.Release|iPhoneSimulator.ActiveCfg = Release|iPhoneSimulator
		{22708F1C-D3AF-4BBC-99F8-39483CD00F83}.Release|iPhoneSimulator.Build.0 = Release|iPhoneSimulator
		{22708F1C-D3AF-4BBC-99F8-39483CD00F83}.Debug|iPhone.ActiveCfg = Debug|iPhone
		{22708F1C-D3AF-4BBC-99F8-39483CD00F83}.Debug|iPhone.Build.0 = Debug|iPhone
		{98C017C6-8870-4781-A772-D744F6A9E77B}.Debug|Any CPU.ActiveCfg = Debug|Any CPU
		{98C017C6-8870-4781-A772-D744F6A9E77B}.Debug|Any CPU.Build.0 = Debug|Any CPU
		{98C017C6-8870-4781-A772-D744F6A9E77B}.Release|Any CPU.ActiveCfg = Release|Any CPU
		{98C017C6-8870-4781-A772-D744F6A9E77B}.Release|Any CPU.Build.0 = Release|Any CPU
		{98C017C6-8870-4781-A772-D744F6A9E77B}.Debug|iPhoneSimulator.ActiveCfg = Debug|Any CPU
		{98C017C6-8870-4781-A772-D744F6A9E77B}.Debug|iPhoneSimulator.Build.0 = Debug|Any CPU
		{98C017C6-8870-4781-A772-D744F6A9E77B}.Release|iPhone.ActiveCfg = Release|Any CPU
		{98C017C6-8870-4781-A772-D744F6A9E77B}.Release|iPhone.Build.0 = Release|Any CPU
		{98C017C6-8870-4781-A772-D744F6A9E77B}.Release|iPhoneSimulator.ActiveCfg = Release|Any CPU
		{98C017C6-8870-4781-A772-D744F6A9E77B}.Release|iPhoneSimulator.Build.0 = Release|Any CPU
		{98C017C6-8870-4781-A772-D744F6A9E77B}.Debug|iPhone.ActiveCfg = Debug|Any CPU
		{98C017C6-8870-4781-A772-D744F6A9E77B}.Debug|iPhone.Build.0 = Debug|Any CPU
	EndGlobalSection
EndGlobal
